
Microsoft Visual Studio Solution File, Format Version 12.00
# Visual Studio Version 17
VisualStudioVersion = 17.8.34525.116
MinimumVisualStudioVersion = 10.0.40219.1
Project("{FAE04EC0-301F-11D3-BF4B-00C04F79EFBC}") = "Mission06_Carpenter", "Mission06_Carpenter\Mission06_Carpenter.csproj", "{E8954DE5-1D23-4CAD-8E3D-A3C70A270C7E}"
EndProject
Global
	GlobalSection(SolutionConfigurationPlatforms) = preSolution
		Debug|Any CPU = Debug|Any CPU
		Release|Any CPU = Release|Any CPU
	EndGlobalSection
	GlobalSection(ProjectConfigurationPlatforms) = postSolution
		{E8954DE5-1D23-4CAD-8E3D-A3C70A270C7E}.Debug|Any CPU.ActiveCfg = Debug|Any CPU
		{E8954DE5-1D23-4CAD-8E3D-A3C70A270C7E}.Debug|Any CPU.Build.0 = Debug|Any CPU
		{E8954DE5-1D23-4CAD-8E3D-A3C70A270C7E}.Release|Any CPU.ActiveCfg = Release|Any CPU
		{E8954DE5-1D23-4CAD-8E3D-A3C70A270C7E}.Release|Any CPU.Build.0 = Release|Any CPU
	EndGlobalSection
	GlobalSection(SolutionProperties) = preSolution
		HideSolutionNode = FALSE
	EndGlobalSection
	GlobalSection(ExtensibilityGlobals) = postSolution
		SolutionGuid = {04E044E8-DB6A-4DBD-8B4C-D57B4726BC77}
	EndGlobalSection
EndGlobal
